
Microsoft Visual Studio Solution File, Format Version 12.00
# Visual Studio Version 17
VisualStudioVersion = 17.3.32825.248
MinimumVisualStudioVersion = 10.0.40219.1
Project("{FAE04EC0-301F-11D3-BF4B-00C04F79EFBC}") = "WebAPIMedicine", "WebAPIMedicine\WebAPIMedicine.csproj", "{9BEC351D-C640-46E7-B44F-567894FB24A0}"
EndProject
Global
	GlobalSection(SolutionConfigurationPlatforms) = preSolution
		Debug|Any CPU = Debug|Any CPU
		Release|Any CPU = Release|Any CPU
	EndGlobalSection
	GlobalSection(ProjectConfigurationPlatforms) = postSolution
		{9BEC351D-C640-46E7-B44F-567894FB24A0}.Debug|Any CPU.ActiveCfg = Debug|Any CPU
		{9BEC351D-C640-46E7-B44F-567894FB24A0}.Debug|Any CPU.Build.0 = Debug|Any CPU
		{9BEC351D-C640-46E7-B44F-567894FB24A0}.Release|Any CPU.ActiveCfg = Release|Any CPU
		{9BEC351D-C640-46E7-B44F-567894FB24A0}.Release|Any CPU.Build.0 = Release|Any CPU
	EndGlobalSection
	GlobalSection(SolutionProperties) = preSolution
		HideSolutionNode = FALSE
	EndGlobalSection
	GlobalSection(ExtensibilityGlobals) = postSolution
		SolutionGuid = {5ACDC1B4-0503-4F26-A601-9C80D421CC9A}
	EndGlobalSection
EndGlobal
